
Microsoft Visual Studio Solution File, Format Version 12.00
# Visual Studio Version 17
VisualStudioVersion = 17.13.35806.99 d17.13
MinimumVisualStudioVersion = 10.0.40219.1
Project("{FAE04EC0-301F-11D3-BF4B-00C04F79EFBC}") = "BritishTime.Application", "BritishTime\BritishTime.Application\BritishTime.Application.csproj", "{FADD453F-9226-4BD5-913C-2271D0313AA0}"
EndProject
Project("{FAE04EC0-301F-11D3-BF4B-00C04F79EFBC}") = "BritishTime.Domain", "BritishTime\BritishTime.Domain\BritishTime.Domain.csproj", "{D22C3471-C9AB-4E93-903B-0FD2CA446E15}"
EndProject
Project("{FAE04EC0-301F-11D3-BF4B-00C04F79EFBC}") = "BritishTime.Infrastructure", "BritishTime\BritishTime.Infrastructure\BritishTime.Infrastructure.csproj", "{4C534797-0778-4794-A163-3018577EE87F}"
EndProject
Project("{FAE04EC0-301F-11D3-BF4B-00C04F79EFBC}") = "BritishTime.WebAPI", "BritishTime\BritishTime.WebAPI\BritishTime.WebAPI.csproj", "{94C8FA24-EE9B-4C88-8D30-BB0C980A5434}"
EndProject
Global
	GlobalSection(SolutionConfigurationPlatforms) = preSolution
		Debug|Any CPU = Debug|Any CPU
		Release|Any CPU = Release|Any CPU
	EndGlobalSection
	GlobalSection(ProjectConfigurationPlatforms) = postSolution
		{FADD453F-9226-4BD5-913C-2271D0313AA0}.Debug|Any CPU.ActiveCfg = Debug|Any CPU
		{FADD453F-9226-4BD5-913C-2271D0313AA0}.Debug|Any CPU.Build.0 = Debug|Any CPU
		{FADD453F-9226-4BD5-913C-2271D0313AA0}.Release|Any CPU.ActiveCfg = Release|Any CPU
		{FADD453F-9226-4BD5-913C-2271D0313AA0}.Release|Any CPU.Build.0 = Release|Any CPU
		{D22C3471-C9AB-4E93-903B-0FD2CA446E15}.Debug|Any CPU.ActiveCfg = Debug|Any CPU
		{D22C3471-C9AB-4E93-903B-0FD2CA446E15}.Debug|Any CPU.Build.0 = Debug|Any CPU
		{D22C3471-C9AB-4E93-903B-0FD2CA446E15}.Release|Any CPU.ActiveCfg = Release|Any CPU
		{D22C3471-C9AB-4E93-903B-0FD2CA446E15}.Release|Any CPU.Build.0 = Release|Any CPU
		{4C534797-0778-4794-A163-3018577EE87F}.Debug|Any CPU.ActiveCfg = Debug|Any CPU
		{4C534797-0778-4794-A163-3018577EE87F}.Debug|Any CPU.Build.0 = Debug|Any CPU
		{4C534797-0778-4794-A163-3018577EE87F}.Release|Any CPU.ActiveCfg = Release|Any CPU
		{4C534797-0778-4794-A163-3018577EE87F}.Release|Any CPU.Build.0 = Release|Any CPU
		{94C8FA24-EE9B-4C88-8D30-BB0C980A5434}.Debug|Any CPU.ActiveCfg = Debug|Any CPU
		{94C8FA24-EE9B-4C88-8D30-BB0C980A5434}.Debug|Any CPU.Build.0 = Debug|Any CPU
		{94C8FA24-EE9B-4C88-8D30-BB0C980A5434}.Release|Any CPU.ActiveCfg = Release|Any CPU
		{94C8FA24-EE9B-4C88-8D30-BB0C980A5434}.Release|Any CPU.Build.0 = Release|Any CPU
	EndGlobalSection
	GlobalSection(SolutionProperties) = preSolution
		HideSolutionNode = FALSE
	EndGlobalSection
	GlobalSection(ExtensibilityGlobals) = postSolution
		SolutionGuid = {49963852-CC3B-44BA-8679-BC131D6D6CB7}
	EndGlobalSection
EndGlobal
